
Microsoft Visual Studio Solution File, Format Version 12.00
# Visual Studio Version 16
VisualStudioVersion = 16.0.31321.278
MinimumVisualStudioVersion = 10.0.40219.1
Project("{FAE04EC0-301F-11D3-BF4B-00C04F79EFBC}") = "HomeWork5", "HomeWork5\HomeWork5.csproj", "{F2840D44-BA0B-46FE-8271-CEFD92A80F92}"
EndProject
Global
	GlobalSection(SolutionConfigurationPlatforms) = preSolution
		Debug|Any CPU = Debug|Any CPU
		Release|Any CPU = Release|Any CPU
	EndGlobalSection
	GlobalSection(ProjectConfigurationPlatforms) = postSolution
		{F2840D44-BA0B-46FE-8271-CEFD92A80F92}.Debug|Any CPU.ActiveCfg = Debug|Any CPU
		{F2840D44-BA0B-46FE-8271-CEFD92A80F92}.Debug|Any CPU.Build.0 = Debug|Any CPU
		{F2840D44-BA0B-46FE-8271-CEFD92A80F92}.Release|Any CPU.ActiveCfg = Release|Any CPU
		{F2840D44-BA0B-46FE-8271-CEFD92A80F92}.Release|Any CPU.Build.0 = Release|Any CPU
	EndGlobalSection
	GlobalSection(SolutionProperties) = preSolution
		HideSolutionNode = FALSE
	EndGlobalSection
	GlobalSection(ExtensibilityGlobals) = postSolution
		SolutionGuid = {E3C89E70-38C8-44E4-A899-7F4EC84BDB97}
	EndGlobalSection
EndGlobal
