
Microsoft Visual Studio Solution File, Format Version 12.00
# Visual Studio Version 16
VisualStudioVersion = 16.0.31321.278
MinimumVisualStudioVersion = 10.0.40219.1
Project("{FAE04EC0-301F-11D3-BF4B-00C04F79EFBC}") = "HomeWork1", "HomeWork1.csproj", "{523359FC-0F93-4F73-A317-2855686CD564}"
EndProject
Global
	GlobalSection(SolutionConfigurationPlatforms) = preSolution
		Debug|Any CPU = Debug|Any CPU
		Release|Any CPU = Release|Any CPU
	EndGlobalSection
	GlobalSection(ProjectConfigurationPlatforms) = postSolution
		{523359FC-0F93-4F73-A317-2855686CD564}.Debug|Any CPU.ActiveCfg = Debug|Any CPU
		{523359FC-0F93-4F73-A317-2855686CD564}.Debug|Any CPU.Build.0 = Debug|Any CPU
		{523359FC-0F93-4F73-A317-2855686CD564}.Release|Any CPU.ActiveCfg = Release|Any CPU
		{523359FC-0F93-4F73-A317-2855686CD564}.Release|Any CPU.Build.0 = Release|Any CPU
	EndGlobalSection
	GlobalSection(SolutionProperties) = preSolution
		HideSolutionNode = FALSE
	EndGlobalSection
	GlobalSection(ExtensibilityGlobals) = postSolution
		SolutionGuid = {96FC76FE-6DB3-43BB-BB80-68F9CE137799}
	EndGlobalSection
EndGlobal
