
Microsoft Visual Studio Solution File, Format Version 12.00
# Visual Studio Version 16
VisualStudioVersion = 16.0.31321.278
MinimumVisualStudioVersion = 10.0.40219.1
Project("{FAE04EC0-301F-11D3-BF4B-00C04F79EFBC}") = "Clients", "Clients\Clients.csproj", "{03006DE2-5107-4FC9-8BAA-59C200165D00}"
EndProject
Global
	GlobalSection(SolutionConfigurationPlatforms) = preSolution
		Debug|Any CPU = Debug|Any CPU
		Release|Any CPU = Release|Any CPU
	EndGlobalSection
	GlobalSection(ProjectConfigurationPlatforms) = postSolution
		{03006DE2-5107-4FC9-8BAA-59C200165D00}.Debug|Any CPU.ActiveCfg = Debug|Any CPU
		{03006DE2-5107-4FC9-8BAA-59C200165D00}.Debug|Any CPU.Build.0 = Debug|Any CPU
		{03006DE2-5107-4FC9-8BAA-59C200165D00}.Release|Any CPU.ActiveCfg = Release|Any CPU
		{03006DE2-5107-4FC9-8BAA-59C200165D00}.Release|Any CPU.Build.0 = Release|Any CPU
	EndGlobalSection
	GlobalSection(SolutionProperties) = preSolution
		HideSolutionNode = FALSE
	EndGlobalSection
	GlobalSection(ExtensibilityGlobals) = postSolution
		SolutionGuid = {1D747689-0AB0-4A0D-99C5-DFB98B27DB8F}
	EndGlobalSection
EndGlobal
