
Microsoft Visual Studio Solution File, Format Version 12.00
# Visual Studio Version 16
VisualStudioVersion = 16.0.31321.278
MinimumVisualStudioVersion = 10.0.40219.1
Project("{FAE04EC0-301F-11D3-BF4B-00C04F79EFBC}") = "HomeWork7", "HomeWork7\HomeWork7.csproj", "{250EF380-4B19-4155-AD5B-25DB86EA23B0}"
EndProject
Global
	GlobalSection(SolutionConfigurationPlatforms) = preSolution
		Debug|Any CPU = Debug|Any CPU
		Release|Any CPU = Release|Any CPU
	EndGlobalSection
	GlobalSection(ProjectConfigurationPlatforms) = postSolution
		{250EF380-4B19-4155-AD5B-25DB86EA23B0}.Debug|Any CPU.ActiveCfg = Debug|Any CPU
		{250EF380-4B19-4155-AD5B-25DB86EA23B0}.Debug|Any CPU.Build.0 = Debug|Any CPU
		{250EF380-4B19-4155-AD5B-25DB86EA23B0}.Release|Any CPU.ActiveCfg = Release|Any CPU
		{250EF380-4B19-4155-AD5B-25DB86EA23B0}.Release|Any CPU.Build.0 = Release|Any CPU
	EndGlobalSection
	GlobalSection(SolutionProperties) = preSolution
		HideSolutionNode = FALSE
	EndGlobalSection
	GlobalSection(ExtensibilityGlobals) = postSolution
		SolutionGuid = {06C4E018-DF55-4405-BDF6-D711F11DA830}
	EndGlobalSection
EndGlobal
