
Microsoft Visual Studio Solution File, Format Version 12.00
# Visual Studio Version 16
VisualStudioVersion = 16.0.31613.86
MinimumVisualStudioVersion = 10.0.40219.1
Project("{FAE04EC0-301F-11D3-BF4B-00C04F79EFBC}") = "HomeWork9_parallel", "HomeWork9\HomeWork9_parallel.csproj", "{6F56EE66-582B-43BF-B12F-558AB95BAE07}"
EndProject
Global
	GlobalSection(SolutionConfigurationPlatforms) = preSolution
		Debug|Any CPU = Debug|Any CPU
		Release|Any CPU = Release|Any CPU
	EndGlobalSection
	GlobalSection(ProjectConfigurationPlatforms) = postSolution
		{6F56EE66-582B-43BF-B12F-558AB95BAE07}.Debug|Any CPU.ActiveCfg = Debug|Any CPU
		{6F56EE66-582B-43BF-B12F-558AB95BAE07}.Debug|Any CPU.Build.0 = Debug|Any CPU
		{6F56EE66-582B-43BF-B12F-558AB95BAE07}.Release|Any CPU.ActiveCfg = Release|Any CPU
		{6F56EE66-582B-43BF-B12F-558AB95BAE07}.Release|Any CPU.Build.0 = Release|Any CPU
	EndGlobalSection
	GlobalSection(SolutionProperties) = preSolution
		HideSolutionNode = FALSE
	EndGlobalSection
	GlobalSection(ExtensibilityGlobals) = postSolution
		SolutionGuid = {53F6E448-DCE2-43E4-9025-4B4CA8BCCB1D}
	EndGlobalSection
EndGlobal
